PODS:
  - AFNetworking (3.0.4):
    - AFNetworking/NSURLSession (= 3.0.4)
    - AFNetworking/Reachability (= 3.0.4)
    - AFNetworking/Security (= 3.0.4)
    - AFNetworking/Serialization (= 3.0.4)
    - AFNetworking/UIKit (= 3.0.4)
  - AFNetworking/NSURLSession (3.0.4):
    - AFNetworking/Reachability
    - AFNetworking/Security
    - AFNetworking/Serialization
  - AFNetworking/Reachability (3.0.4)
  - AFNetworking/Security (3.0.4)
  - AFNetworking/Serialization (3.0.4)
  - AFNetworking/UIKit (3.0.4):
    - AFNetworking/NSURLSession
  - Bolts (1.6.0):
    - Bolts/AppLinks (= 1.6.0)
    - Bolts/Tasks (= 1.6.0)
  - Bolts/AppLinks (1.6.0):
    - Bolts/Tasks
  - Bolts/Tasks (1.6.0)
  - Crashlytics (3.8.2):
    - Fabric (~> 1.6.3)
  - DownloadButton (0.1.0)
  - Fabric (1.6.8)
  - FMDB (2.6):
    - FMDB/standard (= 2.6)
  - FMDB/standard (2.6)
  - GTScrollNavigationBar (0.4)
  - iRate (1.11.4)
  - Parse (1.12.0):
    - Bolts/Tasks (~> 1.5)
  - SSZipArchive (1.1)
  - SVProgressHUD (2.0.3)
  - UIViewController-KeyboardAdditions (1.2)

DEPENDENCIES:
  - AFNetworking (~> 3.0)
  - Bolts (~> 1.6)
  - Crashlytics
  - DownloadButton (~> 0.1)
  - Fabric
  - FMDB (~> 2.6)
  - GTScrollNavigationBar (~> 0.4)
  - iRate (~> 1.11)
  - Parse (~> 1.12)
  - SSZipArchive (~> 1.1)
  - SVProgressHUD (from `https://github.com/SVProgressHUD/SVProgressHUD.git`)
  - UIViewController-KeyboardAdditions (~> 1.2)

EXTERNAL SOURCES:
  SVProgressHUD:
    :git: https://github.com/SVProgressHUD/SVProgressHUD.git

CHECKOUT OPTIONS:
  SVProgressHUD:
    :commit: cc5f7d68fe76afdb79e215b8ff00133575fafacc
    :git: https://github.com/SVProgressHUD/SVProgressHUD.git

SPEC CHECKSUMS:
  AFNetworking: a0075feb321559dc78d9d85b55d11caa19eabb93
  Bolts: f52a250053bb517ca874523c3913776359ab3def
  Crashlytics: 27acca95a01b042a8294291dd6dff27f8f6af6d7
  DownloadButton: 49a21a89e0d7d1b42d9134f79aaa40e727cd57c3
  Fabric: 5755268d0171435ab167e3d0878a28a777deaf10
  FMDB: c1968bab3ab0aed38f66cb778ae1e7fa9a652b6e
  GTScrollNavigationBar: 17e80b99c4250c92c82f31cd5e052a99422c2195
  iRate: 599ed07c854e0695f3c605d1b2a64c67d912acb7
  Parse: de2c52a9a1421b91ae7594ab8ce191afd184f19b
  SSZipArchive: de3d215ab73f87db627f81f2ce24f1731e3886c3
  SVProgressHUD: b0830714205bea1317ea1a2ebc71e5633af334d4
  UIViewController-KeyboardAdditions: 9c9c69a012890f71010dc7ffef18d98e4e0768d2

PODFILE CHECKSUM: 64315aa71004516928b74e72713d289fc142aa10

COCOAPODS: 1.0.1
